
Microsoft Visual Studio Solution File, Format Version 12.00
# Visual Studio Version 16
VisualStudioVersion = 16.0.29102.190
MinimumVisualStudioVersion = 10.0.40219.1
Project("{9A19103F-16F7-4668-BE54-9A1E7A4F7556}") = "Dqlite.Net", "src\Dqlite.Net\Dqlite.Net.csproj", "{754D7C4D-2A63-4E3B-AFCC-CA3B70F43C90}"
EndProject
Project("{9A19103F-16F7-4668-BE54-9A1E7A4F7556}") = "Dqlite.Net.Tests", "test\Dqlite.Net.Tests\Dqlite.Net.Tests.csproj", "{C1E9A130-FB63-4788-BF66-1A07D7B5BA7E}"
EndProject
Project("{9A19103F-16F7-4668-BE54-9A1E7A4F7556}") = "Dqlite.Net.DemoApp", "test\Dqlite.Net.DemoApp\Dqlite.Net.DemoApp.csproj", "{3A9810D5-563F-4E0E-A3F7-4B38A4BD04A2}"
EndProject
Global
	GlobalSection(SolutionConfigurationPlatforms) = preSolution
		Debug|Any CPU = Debug|Any CPU
		Release|Any CPU = Release|Any CPU
	EndGlobalSection
	GlobalSection(ProjectConfigurationPlatforms) = postSolution
		{754D7C4D-2A63-4E3B-AFCC-CA3B70F43C90}.Debug|Any CPU.ActiveCfg = Debug|Any CPU
		{754D7C4D-2A63-4E3B-AFCC-CA3B70F43C90}.Debug|Any CPU.Build.0 = Debug|Any CPU
		{754D7C4D-2A63-4E3B-AFCC-CA3B70F43C90}.Release|Any CPU.ActiveCfg = Release|Any CPU
		{754D7C4D-2A63-4E3B-AFCC-CA3B70F43C90}.Release|Any CPU.Build.0 = Release|Any CPU
		{C1E9A130-FB63-4788-BF66-1A07D7B5BA7E}.Debug|Any CPU.ActiveCfg = Debug|Any CPU
		{C1E9A130-FB63-4788-BF66-1A07D7B5BA7E}.Debug|Any CPU.Build.0 = Debug|Any CPU
		{C1E9A130-FB63-4788-BF66-1A07D7B5BA7E}.Release|Any CPU.ActiveCfg = Release|Any CPU
		{C1E9A130-FB63-4788-BF66-1A07D7B5BA7E}.Release|Any CPU.Build.0 = Release|Any CPU
		{3A9810D5-563F-4E0E-A3F7-4B38A4BD04A2}.Debug|Any CPU.ActiveCfg = Debug|Any CPU
		{3A9810D5-563F-4E0E-A3F7-4B38A4BD04A2}.Debug|Any CPU.Build.0 = Debug|Any CPU
		{3A9810D5-563F-4E0E-A3F7-4B38A4BD04A2}.Release|Any CPU.ActiveCfg = Release|Any CPU
		{3A9810D5-563F-4E0E-A3F7-4B38A4BD04A2}.Release|Any CPU.Build.0 = Release|Any CPU
	EndGlobalSection
	GlobalSection(SolutionProperties) = preSolution
		HideSolutionNode = FALSE
	EndGlobalSection
	GlobalSection(ExtensibilityGlobals) = postSolution
		SolutionGuid = {31B45B94-2898-489B-8AE8-DB7E4A14C4C8}
	EndGlobalSection
EndGlobal
